
Microsoft Visual Studio Solution File, Format Version 12.00
# Visual Studio Version 16
VisualStudioVersion = 16.0.32602.291
MinimumVisualStudioVersion = 10.0.40219.1
Project("{FAE04EC0-301F-11D3-BF4B-00C04F79EFBC}") = "SortedListApp", "SortedListApp\SortedListApp.csproj", "{196948FD-D8E2-4772-AA81-332FEEDE262D}"
EndProject
Global
	GlobalSection(SolutionConfigurationPlatforms) = preSolution
		Debug|Any CPU = Debug|Any CPU
		Release|Any CPU = Release|Any CPU
	EndGlobalSection
	GlobalSection(ProjectConfigurationPlatforms) = postSolution
		{196948FD-D8E2-4772-AA81-332FEEDE262D}.Debug|Any CPU.ActiveCfg = Debug|Any CPU
		{196948FD-D8E2-4772-AA81-332FEEDE262D}.Debug|Any CPU.Build.0 = Debug|Any CPU
		{196948FD-D8E2-4772-AA81-332FEEDE262D}.Release|Any CPU.ActiveCfg = Release|Any CPU
		{196948FD-D8E2-4772-AA81-332FEEDE262D}.Release|Any CPU.Build.0 = Release|Any CPU
	EndGlobalSection
	GlobalSection(SolutionProperties) = preSolution
		HideSolutionNode = FALSE
	EndGlobalSection
	GlobalSection(ExtensibilityGlobals) = postSolution
		SolutionGuid = {924CD3A7-AE82-4EE4-B3FA-3DAE7680A8ED}
	EndGlobalSection
EndGlobal
